
Microsoft Visual Studio Solution File, Format Version 12.00
# Visual Studio Version 17
VisualStudioVersion = 17.7.34031.279
MinimumVisualStudioVersion = 10.0.40219.1
Project("{2150E333-8FDC-42A3-9474-1A3956D46DE8}") = "src", "src", "{B859CD7A-5432-46A1-88F8-F1ABE9C7339D}"
EndProject
Project("{2150E333-8FDC-42A3-9474-1A3956D46DE8}") = "test", "test", "{5CE0462A-2592-4150-B9AD-FBF3CA0D87A6}"
EndProject
Project("{2150E333-8FDC-42A3-9474-1A3956D46DE8}") = "UI", "UI", "{0ED9F2B7-A673-4A4E-89F7-E16A51530E20}"
EndProject
Project("{2150E333-8FDC-42A3-9474-1A3956D46DE8}") = "Core", "Core", "{3E3F5216-B244-437C-A11D-9AADE8967B9C}"
EndProject
Project("{2150E333-8FDC-42A3-9474-1A3956D46DE8}") = "Infrastracture", "Infrastracture", "{9C9E97D1-E96C-4E9A-A5BF-4C61A96CA839}"
EndProject
Project("{2150E333-8FDC-42A3-9474-1A3956D46DE8}") = "API", "API", "{4B4D387D-6975-4661-B5AE-28B7D5B8BAC6}"
EndProject
Project("{9A19103F-16F7-4668-BE54-9A1E7A4F7556}") = "HR.LeaveManagement.Domain", "HR.LeaveManagement.Domain\HR.LeaveManagement.Domain.csproj", "{28D8258E-BF3B-4795-99C2-E356189B7B56}"
EndProject
Project("{9A19103F-16F7-4668-BE54-9A1E7A4F7556}") = "HR.LeaveManagement.Application", "HR.LeaveManagement.Application\HR.LeaveManagement.Application.csproj", "{D4292453-4E0F-4340-B5A0-9397D0998E97}"
EndProject
Project("{9A19103F-16F7-4668-BE54-9A1E7A4F7556}") = "HR.LeaveManagement.Persistence", "HR.LeaveManagement.Persistence\HR.LeaveManagement.Persistence.csproj", "{A57E064A-ABE5-4788-AA17-7901C5165420}"
EndProject
Project("{9A19103F-16F7-4668-BE54-9A1E7A4F7556}") = "HR.LeaveManagement.Infrastructure", "HR.LeaveManagement.Infrastructure\HR.LeaveManagement.Infrastructure.csproj", "{E4AD7A28-8E48-4C4B-9C35-3EF95B874BB1}"
EndProject
Project("{9A19103F-16F7-4668-BE54-9A1E7A4F7556}") = "HR.LeaveManagement.Api", "HR.LeaveManagement.Api\HR.LeaveManagement.Api.csproj", "{DBCD258F-4A5D-4A9D-83B6-67ACDD9B83F3}"
EndProject
Project("{9A19103F-16F7-4668-BE54-9A1E7A4F7556}") = "HR.LeaveManagement.Application.UnitTests", "HR.LeaveManagement.Application.UnitTests\HR.LeaveManagement.Application.UnitTests.csproj", "{3640B0E5-7355-41FA-A116-F16C7D903DAC}"
EndProject
Project("{9A19103F-16F7-4668-BE54-9A1E7A4F7556}") = "HR.LeaveManagement.Persistence.IntegrationTests", "HR.LeaveManagement.Persistence.IntegrationTests\HR.LeaveManagement.Persistence.IntegrationTests.csproj", "{174F540D-7468-4695-AF46-F648783F9572}"
EndProject
Project("{9A19103F-16F7-4668-BE54-9A1E7A4F7556}") = "HR.LeaveManagement.BlazorUI", "HR.LeaveManagement.BlazorUI\HR.LeaveManagement.BlazorUI.csproj", "{F559383F-4C94-4C93-89B9-C83DA3DEE1BF}"
EndProject
Project("{9A19103F-16F7-4668-BE54-9A1E7A4F7556}") = "HR.LeaveManagement.Identity", "HR.LeaveManagement.Identity\HR.LeaveManagement.Identity.csproj", "{A00E4C1A-E169-4C10-B537-54CB2848906F}"
EndProject
Global
	GlobalSection(SolutionConfigurationPlatforms) = preSolution
		Debug|Any CPU = Debug|Any CPU
		Release|Any CPU = Release|Any CPU
	EndGlobalSection
	GlobalSection(ProjectConfigurationPlatforms) = postSolution
		{28D8258E-BF3B-4795-99C2-E356189B7B56}.Debug|Any CPU.ActiveCfg = Debug|Any CPU
		{28D8258E-BF3B-4795-99C2-E356189B7B56}.Debug|Any CPU.Build.0 = Debug|Any CPU
		{28D8258E-BF3B-4795-99C2-E356189B7B56}.Release|Any CPU.ActiveCfg = Release|Any CPU
		{28D8258E-BF3B-4795-99C2-E356189B7B56}.Release|Any CPU.Build.0 = Release|Any CPU
		{D4292453-4E0F-4340-B5A0-9397D0998E97}.Debug|Any CPU.ActiveCfg = Debug|Any CPU
		{D4292453-4E0F-4340-B5A0-9397D0998E97}.Debug|Any CPU.Build.0 = Debug|Any CPU
		{D4292453-4E0F-4340-B5A0-9397D0998E97}.Release|Any CPU.ActiveCfg = Release|Any CPU
		{D4292453-4E0F-4340-B5A0-9397D0998E97}.Release|Any CPU.Build.0 = Release|Any CPU
		{A57E064A-ABE5-4788-AA17-7901C5165420}.Debug|Any CPU.ActiveCfg = Debug|Any CPU
		{A57E064A-ABE5-4788-AA17-7901C5165420}.Debug|Any CPU.Build.0 = Debug|Any CPU
		{A57E064A-ABE5-4788-AA17-7901C5165420}.Release|Any CPU.ActiveCfg = Release|Any CPU
		{A57E064A-ABE5-4788-AA17-7901C5165420}.Release|Any CPU.Build.0 = Release|Any CPU
		{E4AD7A28-8E48-4C4B-9C35-3EF95B874BB1}.Debug|Any CPU.ActiveCfg = Debug|Any CPU
		{E4AD7A28-8E48-4C4B-9C35-3EF95B874BB1}.Debug|Any CPU.Build.0 = Debug|Any CPU
		{E4AD7A28-8E48-4C4B-9C35-3EF95B874BB1}.Release|Any CPU.ActiveCfg = Release|Any CPU
		{E4AD7A28-8E48-4C4B-9C35-3EF95B874BB1}.Release|Any CPU.Build.0 = Release|Any CPU
		{DBCD258F-4A5D-4A9D-83B6-67ACDD9B83F3}.Debug|Any CPU.ActiveCfg = Debug|Any CPU
		{DBCD258F-4A5D-4A9D-83B6-67ACDD9B83F3}.Debug|Any CPU.Build.0 = Debug|Any CPU
		{DBCD258F-4A5D-4A9D-83B6-67ACDD9B83F3}.Release|Any CPU.ActiveCfg = Release|Any CPU
		{DBCD258F-4A5D-4A9D-83B6-67ACDD9B83F3}.Release|Any CPU.Build.0 = Release|Any CPU
		{3640B0E5-7355-41FA-A116-F16C7D903DAC}.Debug|Any CPU.ActiveCfg = Debug|Any CPU
		{3640B0E5-7355-41FA-A116-F16C7D903DAC}.Debug|Any CPU.Build.0 = Debug|Any CPU
		{3640B0E5-7355-41FA-A116-F16C7D903DAC}.Release|Any CPU.ActiveCfg = Release|Any CPU
		{3640B0E5-7355-41FA-A116-F16C7D903DAC}.Release|Any CPU.Build.0 = Release|Any CPU
		{174F540D-7468-4695-AF46-F648783F9572}.Debug|Any CPU.ActiveCfg = Debug|Any CPU
		{174F540D-7468-4695-AF46-F648783F9572}.Debug|Any CPU.Build.0 = Debug|Any CPU
		{174F540D-7468-4695-AF46-F648783F9572}.Release|Any CPU.ActiveCfg = Release|Any CPU
		{174F540D-7468-4695-AF46-F648783F9572}.Release|Any CPU.Build.0 = Release|Any CPU
		{F559383F-4C94-4C93-89B9-C83DA3DEE1BF}.Debug|Any CPU.ActiveCfg = Debug|Any CPU
		{F559383F-4C94-4C93-89B9-C83DA3DEE1BF}.Debug|Any CPU.Build.0 = Debug|Any CPU
		{F559383F-4C94-4C93-89B9-C83DA3DEE1BF}.Release|Any CPU.ActiveCfg = Release|Any CPU
		{F559383F-4C94-4C93-89B9-C83DA3DEE1BF}.Release|Any CPU.Build.0 = Release|Any CPU
		{A00E4C1A-E169-4C10-B537-54CB2848906F}.Debug|Any CPU.ActiveCfg = Debug|Any CPU
		{A00E4C1A-E169-4C10-B537-54CB2848906F}.Debug|Any CPU.Build.0 = Debug|Any CPU
		{A00E4C1A-E169-4C10-B537-54CB2848906F}.Release|Any CPU.ActiveCfg = Release|Any CPU
		{A00E4C1A-E169-4C10-B537-54CB2848906F}.Release|Any CPU.Build.0 = Release|Any CPU
	EndGlobalSection
	GlobalSection(SolutionProperties) = preSolution
		HideSolutionNode = FALSE
	EndGlobalSection
	GlobalSection(NestedProjects) = preSolution
		{0ED9F2B7-A673-4A4E-89F7-E16A51530E20} = {B859CD7A-5432-46A1-88F8-F1ABE9C7339D}
		{3E3F5216-B244-437C-A11D-9AADE8967B9C} = {B859CD7A-5432-46A1-88F8-F1ABE9C7339D}
		{9C9E97D1-E96C-4E9A-A5BF-4C61A96CA839} = {B859CD7A-5432-46A1-88F8-F1ABE9C7339D}
		{4B4D387D-6975-4661-B5AE-28B7D5B8BAC6} = {B859CD7A-5432-46A1-88F8-F1ABE9C7339D}
		{28D8258E-BF3B-4795-99C2-E356189B7B56} = {3E3F5216-B244-437C-A11D-9AADE8967B9C}
		{D4292453-4E0F-4340-B5A0-9397D0998E97} = {3E3F5216-B244-437C-A11D-9AADE8967B9C}
		{A57E064A-ABE5-4788-AA17-7901C5165420} = {9C9E97D1-E96C-4E9A-A5BF-4C61A96CA839}
		{E4AD7A28-8E48-4C4B-9C35-3EF95B874BB1} = {9C9E97D1-E96C-4E9A-A5BF-4C61A96CA839}
		{DBCD258F-4A5D-4A9D-83B6-67ACDD9B83F3} = {4B4D387D-6975-4661-B5AE-28B7D5B8BAC6}
		{3640B0E5-7355-41FA-A116-F16C7D903DAC} = {5CE0462A-2592-4150-B9AD-FBF3CA0D87A6}
		{174F540D-7468-4695-AF46-F648783F9572} = {5CE0462A-2592-4150-B9AD-FBF3CA0D87A6}
		{F559383F-4C94-4C93-89B9-C83DA3DEE1BF} = {0ED9F2B7-A673-4A4E-89F7-E16A51530E20}
		{A00E4C1A-E169-4C10-B537-54CB2848906F} = {9C9E97D1-E96C-4E9A-A5BF-4C61A96CA839}
	EndGlobalSection
	GlobalSection(ExtensibilityGlobals) = postSolution
		SolutionGuid = {37952CCF-0BB2-46BA-962C-9C3FACDA96EB}
	EndGlobalSection
EndGlobal
